// !$*UTF8*$!
{
	archiveVersion = 1;
	classes = {
	};
	objectVersion = 46;
	objects = {

/* Begin PBXBuildFile section */
		B541D0C11AE93AF2005CEDAF /* AppDelegate.swift in Sources */ = {isa = PBXBuildFile; fileRef = B541D0C01AE93AF2005CEDAF /* AppDelegate.swift */; };
		B541D0C31AE93AF2005CEDAF /* ViewController.swift in Sources */ = {isa = PBXBuildFile; fileRef = B541D0C21AE93AF2005CEDAF /* ViewController.swift */; };
		B541D0C61AE93AF2005CEDAF /* Main.storyboard in Resources */ = {isa = PBXBuildFile; fileRef = B541D0C41AE93AF2005CEDAF /* Main.storyboard */; };
		B541D0C81AE93AF2005CEDAF /* Images.xcassets in Resources */ = {isa = PBXBuildFile; fileRef = B541D0C71AE93AF2005CEDAF /* Images.xcassets */; };
		B541D0CB1AE93AF2005CEDAF /* LaunchScreen.xib in Resources */ = {isa = PBXBuildFile; fileRef = B541D0C91AE93AF2005CEDAF /* LaunchScreen.xib */; };
		B541D0E11AE93B3B005CEDAF /* Promise.swift in Sources */ = {isa = PBXBuildFile; fileRef = B541D0E01AE93B3B005CEDAF /* Promise.swift */; };
		B54998281AEE905400FB6F1F /* Examples.m in Sources */ = {isa = PBXBuildFile; fileRef = B54998271AEE905400FB6F1F /* Examples.m */; };
		B549982A1AEE943D00FB6F1F /* SwiftGenerics.pdf in Resources */ = {isa = PBXBuildFile; fileRef = B54998291AEE943D00FB6F1F /* SwiftGenerics.pdf */; };
/* End PBXBuildFile section */

/* Begin PBXCopyFilesBuildPhase section */
		B554F6A11AED8B240011EAFF /* Embed Frameworks */ = {
			isa = PBXCopyFilesBuildPhase;
			buildActionMask = 2147483647;
			dstPath = "";
			dstSubfolderSpec = 10;
			files = (
			);
			name = "Embed Frameworks";
			runOnlyForDeploymentPostprocessing = 0;
		};
/* End PBXCopyFilesBuildPhase section */

/* Begin PBXFileReference section */
		B50572641AEDD96F00583C89 /* SwiftGenerics-Bridging-Header.h */ = {isa = PBXFileReference; lastKnownFileType = sourcecode.c.h; path = "SwiftGenerics-Bridging-Header.h"; sourceTree = "<group>"; };
		B541D0BB1AE93AF2005CEDAF /* SwiftGenerics.app */ = {isa = PBXFileReference; explicitFileType = wrapper.application; includeInIndex = 0; path = SwiftGenerics.app; sourceTree = BUILT_PRODUCTS_DIR; };
		B541D0BF1AE93AF2005CEDAF /* Info.plist */ = {isa = PBXFileReference; lastKnownFileType = text.plist.xml; path = Info.plist; sourceTree = "<group>"; };
		B541D0C01AE93AF2005CEDAF /* AppDelegate.swift */ = {isa = PBXFileReference; lastKnownFileType = sourcecode.swift; path = AppDelegate.swift; sourceTree = "<group>"; };
		B541D0C21AE93AF2005CEDAF /* ViewController.swift */ = {isa = PBXFileReference; lastKnownFileType = sourcecode.swift; path = ViewController.swift; sourceTree = "<group>"; };
		B541D0C51AE93AF2005CEDAF /* Base */ = {isa = PBXFileReference; lastKnownFileType = file.storyboard; name = Base; path = Base.lproj/Main.storyboard; sourceTree = "<group>"; };
		B541D0C71AE93AF2005CEDAF /* Images.xcassets */ = {isa = PBXFileReference; lastKnownFileType = folder.assetcatalog; path = Images.xcassets; sourceTree = "<group>"; };
		B541D0CA1AE93AF2005CEDAF /* Base */ = {isa = PBXFileReference; lastKnownFileType = file.xib; name = Base; path = Base.lproj/LaunchScreen.xib; sourceTree = "<group>"; };
		B541D0E01AE93B3B005CEDAF /* Promise.swift */ = {isa = PBXFileReference; fileEncoding = 4; lastKnownFileType = sourcecode.swift; path = Promise.swift; sourceTree = "<group>"; };
		B541D0E31AE93BDC005CEDAF /* GenericsPlayground.playground */ = {isa = PBXFileReference; lastKnownFileType = file.playground; path = GenericsPlayground.playground; sourceTree = "<group>"; };
		B54998271AEE905400FB6F1F /* Examples.m */ = {isa = PBXFileReference; fileEncoding = 4; lastKnownFileType = sourcecode.c.objc; path = Examples.m; sourceTree = "<group>"; };
		B54998291AEE943D00FB6F1F /* SwiftGenerics.pdf */ = {isa = PBXFileReference; lastKnownFileType = image.pdf; path = SwiftGenerics.pdf; sourceTree = "<group>"; };
/* End PBXFileReference section */

/* Begin PBXFrameworksBuildPhase section */
		B541D0B81AE93AF2005CEDAF /* Frameworks */ = {
			isa = PBXFrameworksBuildPhase;
			buildActionMask = 2147483647;
			files = (
			);
			runOnlyForDeploymentPostprocessing = 0;
		};
/* End PBXFrameworksBuildPhase section */

/* Begin PBXGroup section */
		B541D0B21AE93AF2005CEDAF = {
			isa = PBXGroup;
			children = (
				B54998291AEE943D00FB6F1F /* SwiftGenerics.pdf */,
				B541D0E31AE93BDC005CEDAF /* GenericsPlayground.playground */,
				B541D0BD1AE93AF2005CEDAF /* SwiftGenerics */,
				B541D0BC1AE93AF2005CEDAF /* Products */,
			);
			sourceTree = "<group>";
		};
		B541D0BC1AE93AF2005CEDAF /* Products */ = {
			isa = PBXGroup;
			children = (
				B541D0BB1AE93AF2005CEDAF /* SwiftGenerics.app */,
			);
			name = Products;
			sourceTree = "<group>";
		};
		B541D0BD1AE93AF2005CEDAF /* SwiftGenerics */ = {
			isa = PBXGroup;
			children = (
				B541D0C21AE93AF2005CEDAF /* ViewController.swift */,
				B541D0E01AE93B3B005CEDAF /* Promise.swift */,
				B54998271AEE905400FB6F1F /* Examples.m */,
				B541D0E21AE93B48005CEDAF /* Plumbing */,
			);
			path = SwiftGenerics;
			sourceTree = "<group>";
		};
		B541D0BE1AE93AF2005CEDAF /* Supporting Files */ = {
			isa = PBXGroup;
			children = (
				B541D0BF1AE93AF2005CEDAF /* Info.plist */,
			);
			name = "Supporting Files";
			sourceTree = "<group>";
		};
		B541D0E21AE93B48005CEDAF /* Plumbing */ = {
			isa = PBXGroup;
			children = (
				B50572641AEDD96F00583C89 /* SwiftGenerics-Bridging-Header.h */,
				B541D0C91AE93AF2005CEDAF /* LaunchScreen.xib */,
				B541D0C71AE93AF2005CEDAF /* Images.xcassets */,
				B541D0C41AE93AF2005CEDAF /* Main.storyboard */,
				B541D0C01AE93AF2005CEDAF /* AppDelegate.swift */,
				B541D0BE1AE93AF2005CEDAF /* Supporting Files */,
			);
			name = Plumbing;
			sourceTree = "<group>";
		};
/* End PBXGroup section */

/* Begin PBXNativeTarget section */
		B541D0BA1AE93AF2005CEDAF /* SwiftGenerics */ = {
			isa = PBXNativeTarget;
			buildConfigurationList = B541D0DA1AE93AF2005CEDAF /* Build configuration list for PBXNativeTarget "SwiftGenerics" */;
			buildPhases = (
				B541D0B71AE93AF2005CEDAF /* Sources */,
				B541D0B81AE93AF2005CEDAF /* Frameworks */,
				B541D0B91AE93AF2005CEDAF /* Resources */,
				B554F6A11AED8B240011EAFF /* Embed Frameworks */,
			);
			buildRules = (
			);
			dependencies = (
			);
			name = SwiftGenerics;
			productName = SwiftGenerics;
			productReference = B541D0BB1AE93AF2005CEDAF /* SwiftGenerics.app */;
			productType = "com.apple.product-type.application";
		};
/* End PBXNativeTarget section */

/* Begin PBXProject section */
		B541D0B31AE93AF2005CEDAF /* Project object */ = {
			isa = PBXProject;
			attributes = {
				LastUpgradeCheck = 0630;
				ORGANIZATIONNAME = com.shad.swiftGenerics;
				TargetAttributes = {
					B541D0BA1AE93AF2005CEDAF = {
						CreatedOnToolsVersion = 6.3.1;
					};
				};
			};
			buildConfigurationList = B541D0B61AE93AF2005CEDAF /* Build configuration list for PBXProject "SwiftGenerics" */;
			compatibilityVersion = "Xcode 3.2";
			developmentRegion = English;
			hasScannedForEncodings = 0;
			knownRegions = (
				en,
				Base,
			);
			mainGroup = B541D0B21AE93AF2005CEDAF;
			productRefGroup = B541D0BC1AE93AF2005CEDAF /* Products */;
			projectDirPath = "";
			projectRoot = "";
			targets = (
				B541D0BA1AE93AF2005CEDAF /* SwiftGenerics */,
			);
		};
/* End PBXProject section */

/* Begin PBXResourcesBuildPhase section */
		B541D0B91AE93AF2005CEDAF /* Resources */ = {
			isa = PBXResourcesBuildPhase;
			buildActionMask = 2147483647;
			files = (
				B541D0C61AE93AF2005CEDAF /* Main.storyboard in Resources */,
				B541D0CB1AE93AF2005CEDAF /* LaunchScreen.xib in Resources */,
				B549982A1AEE943D00FB6F1F /* SwiftGenerics.pdf in Resources */,
				B541D0C81AE93AF2005CEDAF /* Images.xcassets in Resources */,
			);
			runOnlyForDeploymentPostprocessing = 0;
		};
/* End PBXResourcesBuildPhase section */

/* Begin PBXSourcesBuildPhase section */
		B541D0B71AE93AF2005CEDAF /* Sources */ = {
			isa = PBXSourcesBuildPhase;
			buildActionMask = 2147483647;
			files = (
				B54998281AEE905400FB6F1F /* Examples.m in Sources */,
				B541D0C31AE93AF2005CEDAF /* ViewController.swift in Sources */,
				B541D0C11AE93AF2005CEDAF /* AppDelegate.swift in Sources */,
				B541D0E11AE93B3B005CEDAF /* Promise.swift in Sources */,
			);
			runOnlyForDeploymentPostprocessing = 0;
		};
/* End PBXSourcesBuildPhase section */

/* Begin PBXVariantGroup section */
		B541D0C41AE93AF2005CEDAF /* Main.storyboard */ = {
			isa = PBXVariantGroup;
			children = (
				B541D0C51AE93AF2005CEDAF /* Base */,
			);
			name = Main.storyboard;
			sourceTree = "<group>";
		};
		B541D0C91AE93AF2005CEDAF /* LaunchScreen.xib */ = {
			isa = PBXVariantGroup;
			children = (
				B541D0CA1AE93AF2005CEDAF /* Base */,
			);
			name = LaunchScreen.xib;
			sourceTree = "<group>";
		};
/* End PBXVariantGroup section */

/* Begin XCBuildConfiguration section */
		B541D0D81AE93AF2005CEDAF /* Debug */ = {
			isa = XCBuildConfiguration;
			buildSettings = {
				ALWAYS_SEARCH_USER_PATHS = NO;
				CLANG_CXX_LANGUAGE_STANDARD = "gnu++0x";
				CLANG_CXX_LIBRARY = "libc++";
				CLANG_ENABLE_MODULES = YES;
				CLANG_ENABLE_OBJC_ARC = YES;
				CLANG_WARN_BOOL_CONVERSION = YES;
				CLANG_WARN_CONSTANT_CONVERSION = YES;
				CLANG_WARN_DIRECT_OBJC_ISA_USAGE = YES_ERROR;
				CLANG_WARN_EMPTY_BODY = YES;
				CLANG_WARN_ENUM_CONVERSION = YES;
				CLANG_WARN_INT_CONVERSION = YES;
				CLANG_WARN_OBJC_ROOT_CLASS = YES_ERROR;
				CLANG_WARN_UNREACHABLE_CODE = YES;
				CLANG_WARN__DUPLICATE_METHOD_MATCH = YES;
				"CODE_SIGN_IDENTITY[sdk=iphoneos*]" = "iPhone Developer";
				COPY_PHASE_STRIP = NO;
				DEBUG_INFORMATION_FORMAT = "dwarf-with-dsym";
				ENABLE_STRICT_OBJC_MSGSEND = YES;
				GCC_C_LANGUAGE_STANDARD = gnu99;
				GCC_DYNAMIC_NO_PIC = NO;
				GCC_NO_COMMON_BLOCKS = YES;
				GCC_OPTIMIZATION_LEVEL = 0;
				GCC_PREPROCESSOR_DEFINITIONS = (
					"DEBUG=1",
					"$(inherited)",
				);
				GCC_SYMBOLS_PRIVATE_EXTERN = NO;
				GCC_WARN_64_TO_32_BIT_CONVERSION = YES;
				GCC_WARN_ABOUT_RETURN_TYPE = YES_ERROR;
				GCC_WARN_UNDECLARED_SELECTOR = YES;
				GCC_WARN_UNINITIALIZED_AUTOS = YES_AGGRESSIVE;
				GCC_WARN_UNUSED_FUNCTION = YES;
				GCC_WARN_UNUSED_VARIABLE = YES;
				IPHONEOS_DEPLOYMENT_TARGET = 8.3;
				MTL_ENABLE_DEBUG_INFO = YES;
				ONLY_ACTIVE_ARCH = YES;
				SDKROOT = iphoneos;
				SWIFT_OPTIMIZATION_LEVEL = "-Onone";
			};
			name = Debug;
		};
		B541D0D91AE93AF2005CEDAF /* Release */ = {
			isa = XCBuildConfiguration;
			buildSettings = {
				ALWAYS_SEARCH_USER_PATHS = NO;
				CLANG_CXX_LANGUAGE_STANDARD = "gnu++0x";
				CLANG_CXX_LIBRARY = "libc++";
				CLANG_ENABLE_MODULES = YES;
				CLANG_ENABLE_OBJC_ARC = YES;
				CLANG_WARN_BOOL_CONVERSION = YES;
				CLANG_WARN_CONSTANT_CONVERSION = YES;
				CLANG_WARN_DIRECT_OBJC_ISA_USAGE = YES_ERROR;
				CLANG_WARN_EMPTY_BODY = YES;
				CLANG_WARN_ENUM_CONVERSION = YES;
				CLANG_WARN_INT_CONVERSION = YES;
				CLANG_WARN_OBJC_ROOT_CLASS = YES_ERROR;
				CLANG_WARN_UNREACHABLE_CODE = YES;
				CLANG_WARN__DUPLICATE_METHOD_MATCH = YES;
				"CODE_SIGN_IDENTITY[sdk=iphoneos*]" = "iPhone Developer";
				COPY_PHASE_STRIP = NO;
				DEBUG_INFORMATION_FORMAT = "dwarf-with-dsym";
				ENABLE_NS_ASSERTIONS = NO;
				ENABLE_STRICT_OBJC_MSGSEND = YES;
				GCC_C_LANGUAGE_STANDARD = gnu99;
				GCC_NO_COMMON_BLOCKS = YES;
				GCC_WARN_64_TO_32_BIT_CONVERSION = YES;
				GCC_WARN_ABOUT_RETURN_TYPE = YES_ERROR;
				GCC_WARN_UNDECLARED_SELECTOR = YES;
				GCC_WARN_UNINITIALIZED_AUTOS = YES_AGGRESSIVE;
				GCC_WARN_UNUSED_FUNCTION = YES;
				GCC_WARN_UNUSED_VARIABLE = YES;
				IPHONEOS_DEPLOYMENT_TARGET = 8.3;
				MTL_ENABLE_DEBUG_INFO = NO;
				SDKROOT = iphoneos;
				VALIDATE_PRODUCT = YES;
			};
			name = Release;
		};
		B541D0DB1AE93AF2005CEDAF /* Debug */ = {
			isa = XCBuildConfiguration;
			buildSettings = {
				ASSETCATALOG_COMPILER_APPICON_NAME = AppIcon;
				CLANG_ENABLE_MODULES = YES;
				INFOPLIST_FILE = SwiftGenerics/Info.plist;
				LD_RUNPATH_SEARCH_PATHS = "$(inherited) @executable_path/Frameworks";
				PRODUCT_NAME = "$(TARGET_NAME)";
				SWIFT_OBJC_BRIDGING_HEADER = "SwiftGenerics/SwiftGenerics-Bridging-Header.h";
				SWIFT_OPTIMIZATION_LEVEL = "-Onone";
			};
			name = Debug;
		};
		B541D0DC1AE93AF2005CEDAF /* Release */ = {
			isa = XCBuildConfiguration;
			buildSettings = {
				ASSETCATALOG_COMPILER_APPICON_NAME = AppIcon;
				CLANG_ENABLE_MODULES = YES;
				INFOPLIST_FILE = SwiftGenerics/Info.plist;
				LD_RUNPATH_SEARCH_PATHS = "$(inherited) @executable_path/Frameworks";
				PRODUCT_NAME = "$(TARGET_NAME)";
				SWIFT_OBJC_BRIDGING_HEADER = "SwiftGenerics/SwiftGenerics-Bridging-Header.h";
			};
			name = Release;
		};
/* End XCBuildConfiguration section */

/* Begin XCConfigurationList section */
		B541D0B61AE93AF2005CEDAF /* Build configuration list for PBXProject "SwiftGenerics" */ = {
			isa = XCConfigurationList;
			buildConfigurations = (
				B541D0D81AE93AF2005CEDAF /* Debug */,
				B541D0D91AE93AF2005CEDAF /* Release */,
			);
			defaultConfigurationIsVisible = 0;
			defaultConfigurationName = Release;
		};
		B541D0DA1AE93AF2005CEDAF /* Build configuration list for PBXNativeTarget "SwiftGenerics" */ = {
			isa = XCConfigurationList;
			buildConfigurations = (
				B541D0DB1AE93AF2005CEDAF /* Debug */,
				B541D0DC1AE93AF2005CEDAF /* Release */,
			);
			defaultConfigurationIsVisible = 0;
			defaultConfigurationName = Release;
		};
/* End XCConfigurationList section */
	};
	rootObject = B541D0B31AE93AF2005CEDAF /* Project object */;
}
